
Microsoft Visual Studio Solution File, Format Version 12.00
Project("{FAE04EC0-301F-11D3-BF4B-00C04F79EFBC}") = "ProjectAssistant", "ProjectAssistant.csproj", "{F184352B-1A07-4075-8609-CB7C2611FB26}"
EndProject
Global
	GlobalSection(SolutionConfigurationPlatforms) = preSolution
		Debug|Any CPU = Debug|Any CPU
		Release|Any CPU = Release|Any CPU
	EndGlobalSection
	GlobalSection(ProjectConfigurationPlatforms) = postSolution
		{F184352B-1A07-4075-8609-CB7C2611FB26}.Debug|Any CPU.ActiveCfg = Debug|Any CPU
		{F184352B-1A07-4075-8609-CB7C2611FB26}.Debug|Any CPU.Build.0 = Debug|Any CPU
		{F184352B-1A07-4075-8609-CB7C2611FB26}.Release|Any CPU.ActiveCfg = Release|Any CPU
		{F184352B-1A07-4075-8609-CB7C2611FB26}.Release|Any CPU.Build.0 = Release|Any CPU
	EndGlobalSection
EndGlobal
